
Microsoft Visual Studio Solution File, Format Version 12.00
# Visual Studio 15
Project("{FAE04EC0-301F-11D3-BF4B-00C04F79EFBC}") = "Assembly-CSharp", "Assembly-CSharp.csproj", "{3C8DEE37-3420-4E8C-6A9F-C8872202628E}"
EndProject
Project("{FAE04EC0-301F-11D3-BF4B-00C04F79EFBC}") = "Assembly-CSharp-Editor", "Assembly-CSharp-Editor.csproj", "{AE8A3959-B8FD-C24D-13DE-A4D1B47ED387}"
EndProject
Global
	GlobalSection(SolutionConfigurationPlatforms) = preSolution
		Debug|Any CPU = Debug|Any CPU
		Release|Any CPU = Release|Any CPU
	EndGlobalSection
	GlobalSection(ProjectConfigurationPlatforms) = postSolution
		{3C8DEE37-3420-4E8C-6A9F-C8872202628E}.Debug|Any CPU.ActiveCfg = Debug|Any CPU
		{3C8DEE37-3420-4E8C-6A9F-C8872202628E}.Debug|Any CPU.Build.0 = Debug|Any CPU
		{3C8DEE37-3420-4E8C-6A9F-C8872202628E}.Release|Any CPU.ActiveCfg = Release|Any CPU
		{3C8DEE37-3420-4E8C-6A9F-C8872202628E}.Release|Any CPU.Build.0 = Release|Any CPU
		{AE8A3959-B8FD-C24D-13DE-A4D1B47ED387}.Debug|Any CPU.ActiveCfg = Debug|Any CPU
		{AE8A3959-B8FD-C24D-13DE-A4D1B47ED387}.Debug|Any CPU.Build.0 = Debug|Any CPU
		{AE8A3959-B8FD-C24D-13DE-A4D1B47ED387}.Release|Any CPU.ActiveCfg = Release|Any CPU
		{AE8A3959-B8FD-C24D-13DE-A4D1B47ED387}.Release|Any CPU.Build.0 = Release|Any CPU
	EndGlobalSection
	GlobalSection(SolutionProperties) = preSolution
		HideSolutionNode = FALSE
	EndGlobalSection
EndGlobal
